hash: 79e1875728ee2146c52fc1843b79d72475d384a7e632db4e9694e8d766d15684
updated: 2018-03-31T12:48:16.154544+08:00
imports:
- name: github.com/gin-gonic/gin
  version: 6d913fc343cfac80d656db5be67a0ffb1323ba0d
- name: github.com/go-sql-driver/mysql
  version: 1a676ac6e4dce68e9303a1800773861350374a9e
- name: github.com/gomodule/redigo
  version: 80111bd88543fa8b77b49c94c6f326c17390a8df
  subpackages:
  - redis
- name: github.com/gorilla/sessions
  version: a2f2a3de9a4a575047f73e3e36bc85ecc3546391
- name: github.com/jmoiron/sqlx
  version: cf35089a197953c69420c8d0cecda90809764b1d
- name: github.com/pelletier/go-toml
  version: 66540cf1fcd2c3aee6f6787dfa32a6ae9a870f12
- name: go.uber.org/zap
  version: f85c78b1dd998214c5f2138155b320a4a43fbe36
  subpackages:
  - zapcore
- name: golang.org/x/net
  version: b68f30494add4df6bd8ef5e82803f308e7f7c59c
  repo: https://github.com/golang/net.git
- name: golang.org/x/sys
  version: 378d26f46672a356c46195c28f61bdb4c0a781dd
  repo: https://github.com/golang/sys.git
- name: google.golang.org/appengine
  version: ad39d7fab7c60b2493fdc318c3d2cdb2128f92a4
  repo: https://github.com/golang/appengine.git
- name: gopkg.in/gomail.v2
  version: 81ebce5c23dfd25c6c67194b37d3dd3f338c98b1
- name: gopkg.in/mgo.v2
  version: 3f83fa5005286a7fe593b055f0d7771a7dce4655
  subpackages:
  - bson
- name: gopkg.in/natefinch/lumberjack.v2
  version: a96e63847dc3c67d17befa69c303767e2f84e54f
testImports: []
