hash: b326bc38933f6ae36a9a77129c26773f680c47e9d1a43db9980528e283cdcb44
updated: 2019-02-25T20:07:59.4479+08:00
imports:
- name: github.com/go-sql-driver/mysql
  version: 972a708cf97995463843c08c8585b26997daf0e1
- name: github.com/gomodule/redigo
  version: 4b40ddb4586bdd2805bcfba564ed0dfa28ec3886
  subpackages:
  - redis
- name: github.com/jmoiron/sqlx
  version: 82935fac6c1a317907c8f43ed3f7f85ea844a78b
  subpackages:
  - reflectx
- name: github.com/lib/pq
  version: 9eb73efc1fcc404148b56765b0d3f61d9a5ef8ee
  subpackages:
  - oid
- name: github.com/pelletier/go-toml
  version: 27c6b39a135b7dc87a14afb068809132fb7a9a8f
- name: go.uber.org/atomic
  version: 1ea20fb1cbb1cc08cbd0d913a96dead89aa18289
- name: go.uber.org/multierr
  version: 3c4937480c32f4c13a875a1829af76c98ca3d40a
- name: go.uber.org/zap
  version: d2a364dac1d9b70c651d9f47381c5912361e5596
  subpackages:
  - buffer
  - internal/bufferpool
  - internal/color
  - internal/exit
  - zapcore
- name: golang.org/x/net
  version: 3a22650c66bd7f4fb6d1e8072ffd7b75c8a27898
  repo: https://github.com/golang/net.git
  subpackages:
  - context
- name: google.golang.org/appengine
  version: 54a98f90d1c46b7731eb8fb305d2a321c30ef610
  repo: https://github.com/golang/appengine.git
  subpackages:
  - cloudsql
- name: gopkg.in/alexcesaro/quotedprintable.v3
  version: 2caba252f4dc53eaf6b553000885530023f54623
- name: gopkg.in/gomail.v2
  version: 81ebce5c23dfd25c6c67194b37d3dd3f338c98b1
- name: gopkg.in/mgo.v2
  version: 9856a29383ce1c59f308dd1cf0363a79b5bef6b5
  subpackages:
  - bson
  - internal/json
  - internal/sasl
  - internal/scram
- name: gopkg.in/natefinch/lumberjack.v2
  version: a96e63847dc3c67d17befa69c303767e2f84e54f
- name: vitess.io/vitess
  version: 6b90920da9898927142a27f3ad64015851843f0b
  subpackages:
  - go/cache
  - go/pools
  - go/sync2
  - go/timer
testImports: []
